
Microsoft Visual Studio Solution File, Format Version 12.00
# Visual Studio Version 17
VisualStudioVersion = 17.7.34024.191
MinimumVisualStudioVersion = 10.0.40219.1
Project("{FAE04EC0-301F-11D3-BF4B-00C04F79EFBC}") = "datingAppBackend", "datingAppBackend\datingAppBackend.csproj", "{33608225-A29E-4812-89A6-1739A7CB233B}"
EndProject
Global
	GlobalSection(SolutionConfigurationPlatforms) = preSolution
		Debug|Any CPU = Debug|Any CPU
		Release|Any CPU = Release|Any CPU
	EndGlobalSection
	GlobalSection(ProjectConfigurationPlatforms) = postSolution
		{33608225-A29E-4812-89A6-1739A7CB233B}.Debug|Any CPU.ActiveCfg = Debug|Any CPU
		{33608225-A29E-4812-89A6-1739A7CB233B}.Debug|Any CPU.Build.0 = Debug|Any CPU
		{33608225-A29E-4812-89A6-1739A7CB233B}.Release|Any CPU.ActiveCfg = Release|Any CPU
		{33608225-A29E-4812-89A6-1739A7CB233B}.Release|Any CPU.Build.0 = Release|Any CPU
	EndGlobalSection
	GlobalSection(SolutionProperties) = preSolution
		HideSolutionNode = FALSE
	EndGlobalSection
	GlobalSection(ExtensibilityGlobals) = postSolution
		SolutionGuid = {125D95DB-38FD-40E4-BDED-CD84D4B4C9DE}
	EndGlobalSection
EndGlobal
